
Microsoft Visual Studio Solution File, Format Version 12.00
# Visual Studio Version 17
VisualStudioVersion = 17.12.35514.174 d17.12
MinimumVisualStudioVersion = 10.0.40219.1
Project("{FAE04EC0-301F-11D3-BF4B-00C04F79EFBC}") = "Password_Manager", "Password_Manager\Password_Manager.csproj", "{FBFC8772-394D-4324-81B7-F1E23A781CDF}"
EndProject
Project("{FAE04EC0-301F-11D3-BF4B-00C04F79EFBC}") = "Password_Manager_Web", "Password_Manager_Web\Password_Manager_Web.csproj", "{5732D828-2474-4D74-96E0-BAEF700DA843}"
EndProject
Global
	GlobalSection(SolutionConfigurationPlatforms) = preSolution
		Debug|Any CPU = Debug|Any CPU
		Release|Any CPU = Release|Any CPU
	EndGlobalSection
	GlobalSection(ProjectConfigurationPlatforms) = postSolution
		{FBFC8772-394D-4324-81B7-F1E23A781CDF}.Debug|Any CPU.ActiveCfg = Debug|Any CPU
		{FBFC8772-394D-4324-81B7-F1E23A781CDF}.Debug|Any CPU.Build.0 = Debug|Any CPU
		{FBFC8772-394D-4324-81B7-F1E23A781CDF}.Release|Any CPU.ActiveCfg = Release|Any CPU
		{FBFC8772-394D-4324-81B7-F1E23A781CDF}.Release|Any CPU.Build.0 = Release|Any CPU
		{5732D828-2474-4D74-96E0-BAEF700DA843}.Debug|Any CPU.ActiveCfg = Debug|Any CPU
		{5732D828-2474-4D74-96E0-BAEF700DA843}.Debug|Any CPU.Build.0 = Debug|Any CPU
		{5732D828-2474-4D74-96E0-BAEF700DA843}.Release|Any CPU.ActiveCfg = Release|Any CPU
		{5732D828-2474-4D74-96E0-BAEF700DA843}.Release|Any CPU.Build.0 = Release|Any CPU
	EndGlobalSection
	GlobalSection(SolutionProperties) = preSolution
		HideSolutionNode = FALSE
	EndGlobalSection
EndGlobal
